{
  "name": "salat-time",
  "lockfileVersion": 3,
  "requires": true,
  "packages": {
    "": {
      "dependencies": {
        "qibla-direction": "^1.0.0"
      }
    },
    "node_modules/qibla-direction": {
      "version": "1.0.0",
      "resolved": "https://registry.npmjs.org/qibla-direction/-/qibla-direction-1.0.0.tgz",
      "integrity": "sha512-rgXPcfq50K/bxRCBO+2fATkGnl2EaCP7L1pfGqMstMYpnyxzpx8sRZdKgj3j1nNpFCjrUvRX5E6wy+nyy2r3ag==",
      "license": "GPL-3.0"
    }
  }
}
